
Microsoft Visual Studio Solution File, Format Version 12.00
# Visual Studio Version 16
VisualStudioVersion = 16.0.30804.86
MinimumVisualStudioVersion = 10.0.40219.1
Project("{FAE04EC0-301F-11D3-BF4B-00C04F79EFBC}") = "CryptoSell", "CryptoSell\CryptoSell.csproj", "{063A68A0-114E-44D3-8035-42755340ED70}"
EndProject
Global
	GlobalSection(SolutionConfigurationPlatforms) = preSolution
		Debug|Any CPU = Debug|Any CPU
		Release|Any CPU = Release|Any CPU
	EndGlobalSection
	GlobalSection(ProjectConfigurationPlatforms) = postSolution
		{063A68A0-114E-44D3-8035-42755340ED70}.Debug|Any CPU.ActiveCfg = Debug|Any CPU
		{063A68A0-114E-44D3-8035-42755340ED70}.Debug|Any CPU.Build.0 = Debug|Any CPU
		{063A68A0-114E-44D3-8035-42755340ED70}.Release|Any CPU.ActiveCfg = Release|Any CPU
		{063A68A0-114E-44D3-8035-42755340ED70}.Release|Any CPU.Build.0 = Release|Any CPU
	EndGlobalSection
	GlobalSection(SolutionProperties) = preSolution
		HideSolutionNode = FALSE
	EndGlobalSection
	GlobalSection(ExtensibilityGlobals) = postSolution
		SolutionGuid = {5CF7134F-AB3C-4823-A48C-2FA39726D9FD}
	EndGlobalSection
EndGlobal
